
Microsoft Visual Studio Solution File, Format Version 12.00
# Visual Studio Version 16
VisualStudioVersion = 16.0.30204.135
MinimumVisualStudioVersion = 10.0.40219.1
Project("{8BC9CEB8-8B4A-11D0-8D11-00A0C91BC942}") = "OverloadOperators", "OverloadOperators\OverloadOperators.vcxproj", "{A764D925-4DE4-413C-9613-7C6FC20F18A4}"
EndProject
Project("{8BC9CEB8-8B4A-11D0-8D11-00A0C91BC942}") = "prakt", "prakt\prakt.vcxproj", "{2FFD849E-59CE-4368-BFFE-DFA16990E4BB}"
EndProject
Project("{8BC9CEB8-8B4A-11D0-8D11-00A0C91BC942}") = "Room", "Room\Room.vcxproj", "{F09532EF-044E-4749-B678-B3617275BC2C}"
EndProject
Global
	GlobalSection(SolutionConfigurationPlatforms) = preSolution
		Debug|x64 = Debug|x64
		Debug|x86 = Debug|x86
		Release|x64 = Release|x64
		Release|x86 = Release|x86
	EndGlobalSection
	GlobalSection(ProjectConfigurationPlatforms) = postSolution
		{A764D925-4DE4-413C-9613-7C6FC20F18A4}.Debug|x64.ActiveCfg = Debug|x64
		{A764D925-4DE4-413C-9613-7C6FC20F18A4}.Debug|x64.Build.0 = Debug|x64
		{A764D925-4DE4-413C-9613-7C6FC20F18A4}.Debug|x86.ActiveCfg = Debug|Win32
		{A764D925-4DE4-413C-9613-7C6FC20F18A4}.Debug|x86.Build.0 = Debug|Win32
		{A764D925-4DE4-413C-9613-7C6FC20F18A4}.Release|x64.ActiveCfg = Release|x64
		{A764D925-4DE4-413C-9613-7C6FC20F18A4}.Release|x64.Build.0 = Release|x64
		{A764D925-4DE4-413C-9613-7C6FC20F18A4}.Release|x86.ActiveCfg = Release|Win32
		{A764D925-4DE4-413C-9613-7C6FC20F18A4}.Release|x86.Build.0 = Release|Win32
		{2FFD849E-59CE-4368-BFFE-DFA16990E4BB}.Debug|x64.ActiveCfg = Debug|x64
		{2FFD849E-59CE-4368-BFFE-DFA16990E4BB}.Debug|x64.Build.0 = Debug|x64
		{2FFD849E-59CE-4368-BFFE-DFA16990E4BB}.Debug|x86.ActiveCfg = Debug|Win32
		{2FFD849E-59CE-4368-BFFE-DFA16990E4BB}.Debug|x86.Build.0 = Debug|Win32
		{2FFD849E-59CE-4368-BFFE-DFA16990E4BB}.Release|x64.ActiveCfg = Release|x64
		{2FFD849E-59CE-4368-BFFE-DFA16990E4BB}.Release|x64.Build.0 = Release|x64
		{2FFD849E-59CE-4368-BFFE-DFA16990E4BB}.Release|x86.ActiveCfg = Release|Win32
		{2FFD849E-59CE-4368-BFFE-DFA16990E4BB}.Release|x86.Build.0 = Release|Win32
		{F09532EF-044E-4749-B678-B3617275BC2C}.Debug|x64.ActiveCfg = Debug|x64
		{F09532EF-044E-4749-B678-B3617275BC2C}.Debug|x64.Build.0 = Debug|x64
		{F09532EF-044E-4749-B678-B3617275BC2C}.Debug|x86.ActiveCfg = Debug|Win32
		{F09532EF-044E-4749-B678-B3617275BC2C}.Debug|x86.Build.0 = Debug|Win32
		{F09532EF-044E-4749-B678-B3617275BC2C}.Release|x64.ActiveCfg = Release|x64
		{F09532EF-044E-4749-B678-B3617275BC2C}.Release|x64.Build.0 = Release|x64
		{F09532EF-044E-4749-B678-B3617275BC2C}.Release|x86.ActiveCfg = Release|Win32
		{F09532EF-044E-4749-B678-B3617275BC2C}.Release|x86.Build.0 = Release|Win32
	EndGlobalSection
	GlobalSection(SolutionProperties) = preSolution
		HideSolutionNode = FALSE
	EndGlobalSection
	GlobalSection(ExtensibilityGlobals) = postSolution
		SolutionGuid = {9546979B-7D75-4683-B312-9046BBF1428D}
	EndGlobalSection
EndGlobal
